github.com/Germanicus1/dog v0.0.0-20231010163309-7d4ae5acde52 h1:Yy2gXygwc/nmV/6oOfGHIGyg0vx5SZI1Swubp5Vh1N0=
github.com/Germanicus1/dog v0.0.0-20231010163309-7d4ae5acde52/go.mod h1:9cjC2/tWCQinVAGkePi3/goPqGtQJ/++gHke4Aj58HE=
github.com/Germanicus1/puppy v0.0.0-20231009141742-3b605e601b4f h1:xRaeygHnwUe/pd6SGBUzx44y1GFMQNB3d3wUmMJ5MuM=
github.com/Germanicus1/puppy v0.0.0-20231009141742-3b605e601b4f/go.mod h1:md4xkUwd6jSDO0/ANdUhGi3qFgXdFazCwxEoNkipxNs=
github.com/Germanicus1/puppy v0.0.0-20231010164006-a78e81b55045 h1:hb881SqZUU/dcN9g0FT5RdcHmItBh3O/BuwD9cob2aQ=
github.com/Germanicus1/puppy v0.0.0-20231010164006-a78e81b55045/go.mod h1:3gQjsuisQMXFD6vvHq3xYU7J0m1wzUoj4TxdLdQ0N7I=
